
Microsoft Visual Studio Solution File, Format Version 12.00
# Visual Studio Version 17
VisualStudioVersion = 17.5.33402.96
MinimumVisualStudioVersion = 10.0.40219.1
Project("{9A19103F-16F7-4668-BE54-9A1E7A4F7556}") = "SchoolWebRegister.Web", "SchoolWebRegister.Web\SchoolWebRegister.Web.csproj", "{DD62966D-9156-49B3-A796-FC28B3704D13}"
EndProject
Project("{9A19103F-16F7-4668-BE54-9A1E7A4F7556}") = "SchoolWebRegister.DAL", "SchoolWebRegister.DAL\SchoolWebRegister.DAL.csproj", "{04235D39-4DCC-47D8-95B5-CDC3DEDC9143}"
EndProject
Project("{9A19103F-16F7-4668-BE54-9A1E7A4F7556}") = "SchoolWebRegister.Services", "SchoolWebRegister.Services\SchoolWebRegister.Services.csproj", "{55939684-79C0-45B2-8009-338A628CA126}"
EndProject
Project("{9A19103F-16F7-4668-BE54-9A1E7A4F7556}") = "SchoolWebRegister.Domain", "SchoolWebRegister.Domain\SchoolWebRegister.Domain.csproj", "{20004378-8214-49B0-8838-624D85217CE3}"
EndProject
Project("{9A19103F-16F7-4668-BE54-9A1E7A4F7556}") = "SchoolWebRegister.Tests", "SchoolWebRegister.Tests\SchoolWebRegister.Tests.csproj", "{BE9DD99A-0C6D-4CEB-B8B7-9E8AF7BFA25A}"
EndProject
Global
	GlobalSection(SolutionConfigurationPlatforms) = preSolution
		Debug|Any CPU = Debug|Any CPU
		Release|Any CPU = Release|Any CPU
	EndGlobalSection
	GlobalSection(ProjectConfigurationPlatforms) = postSolution
		{DD62966D-9156-49B3-A796-FC28B3704D13}.Debug|Any CPU.ActiveCfg = Debug|Any CPU
		{DD62966D-9156-49B3-A796-FC28B3704D13}.Debug|Any CPU.Build.0 = Debug|Any CPU
		{DD62966D-9156-49B3-A796-FC28B3704D13}.Release|Any CPU.ActiveCfg = Release|Any CPU
		{DD62966D-9156-49B3-A796-FC28B3704D13}.Release|Any CPU.Build.0 = Release|Any CPU
		{04235D39-4DCC-47D8-95B5-CDC3DEDC9143}.Debug|Any CPU.ActiveCfg = Debug|Any CPU
		{04235D39-4DCC-47D8-95B5-CDC3DEDC9143}.Debug|Any CPU.Build.0 = Debug|Any CPU
		{04235D39-4DCC-47D8-95B5-CDC3DEDC9143}.Release|Any CPU.ActiveCfg = Release|Any CPU
		{04235D39-4DCC-47D8-95B5-CDC3DEDC9143}.Release|Any CPU.Build.0 = Release|Any CPU
		{55939684-79C0-45B2-8009-338A628CA126}.Debug|Any CPU.ActiveCfg = Debug|Any CPU
		{55939684-79C0-45B2-8009-338A628CA126}.Debug|Any CPU.Build.0 = Debug|Any CPU
		{55939684-79C0-45B2-8009-338A628CA126}.Release|Any CPU.ActiveCfg = Release|Any CPU
		{55939684-79C0-45B2-8009-338A628CA126}.Release|Any CPU.Build.0 = Release|Any CPU
		{20004378-8214-49B0-8838-624D85217CE3}.Debug|Any CPU.ActiveCfg = Debug|Any CPU
		{20004378-8214-49B0-8838-624D85217CE3}.Debug|Any CPU.Build.0 = Debug|Any CPU
		{20004378-8214-49B0-8838-624D85217CE3}.Release|Any CPU.ActiveCfg = Release|Any CPU
		{20004378-8214-49B0-8838-624D85217CE3}.Release|Any CPU.Build.0 = Release|Any CPU
		{BE9DD99A-0C6D-4CEB-B8B7-9E8AF7BFA25A}.Debug|Any CPU.ActiveCfg = Debug|Any CPU
		{BE9DD99A-0C6D-4CEB-B8B7-9E8AF7BFA25A}.Debug|Any CPU.Build.0 = Debug|Any CPU
		{BE9DD99A-0C6D-4CEB-B8B7-9E8AF7BFA25A}.Release|Any CPU.ActiveCfg = Release|Any CPU
		{BE9DD99A-0C6D-4CEB-B8B7-9E8AF7BFA25A}.Release|Any CPU.Build.0 = Release|Any CPU
	EndGlobalSection
	GlobalSection(SolutionProperties) = preSolution
		HideSolutionNode = FALSE
	EndGlobalSection
	GlobalSection(ExtensibilityGlobals) = postSolution
		SolutionGuid = {DE73B890-1E77-417B-ACD6-F233CD6EBFEE}
	EndGlobalSection
EndGlobal
